
Microsoft Visual Studio Solution File, Format Version 12.00
# Visual Studio 15
VisualStudioVersion = 15.0.28307.106
MinimumVisualStudioVersion = 10.0.40219.1
Project("{FAE04EC0-301F-11D3-BF4B-00C04F79EFBC}") = "WpfApp1", "WpfApp1\WpfApp1.csproj", "{14B59113-FC4F-4F7A-B809-18C0B19A9343}"
EndProject
Global
	GlobalSection(SolutionConfigurationPlatforms) = preSolution
		Debug|Any CPU = Debug|Any CPU
		Release|Any CPU = Release|Any CPU
	EndGlobalSection
	GlobalSection(ProjectConfigurationPlatforms) = postSolution
		{14B59113-FC4F-4F7A-B809-18C0B19A9343}.Debug|Any CPU.ActiveCfg = Debug|Any CPU
		{14B59113-FC4F-4F7A-B809-18C0B19A9343}.Debug|Any CPU.Build.0 = Debug|Any CPU
		{14B59113-FC4F-4F7A-B809-18C0B19A9343}.Release|Any CPU.ActiveCfg = Release|Any CPU
		{14B59113-FC4F-4F7A-B809-18C0B19A9343}.Release|Any CPU.Build.0 = Release|Any CPU
	EndGlobalSection
	GlobalSection(SolutionProperties) = preSolution
		HideSolutionNode = FALSE
	EndGlobalSection
	GlobalSection(ExtensibilityGlobals) = postSolution
		SolutionGuid = {DC260B95-4521-443F-99BF-48111812D533}
	EndGlobalSection
EndGlobal
